github.com/davidbyttow/govips v0.0.0-20190304175058-d272f04c0fea h1:ZtETbJTO1R3qVLdVbpjrDhD5fR8bYVhhq2RMi7rOlH4=
github.com/davidbyttow/govips v0.0.0-20190304175058-d272f04c0fea/go.mod h1:a3qO525EPfJNYa0NXBcNtXzJvyQsJAxphEDa7OOHPBk=
github.com/gorilla/mux v1.7.3 h1:gnP5JzjVOuiZD07fKKToCAOjS0yOpj/qPETTXCCS6hw=
github.com/gorilla/mux v1.7.3/go.mod h1:1lud6UwP+6orDFRuTfBEV8e9/aOM/c4fVVCaMa2zaAs=
github.com/joho/godotenv v1.3.0 h1:Zjp+RcGpHhGlrMbJzXTrZZPrWj+1vfm90La1wgB6Bhc=
github.com/joho/godotenv v1.3.0/go.mod h1:7hK45KPybAkOC6peb+G5yklZfMxEjkZhHbwpqxOKXbg=
